
Microsoft Visual Studio Solution File, Format Version 12.00
# Visual Studio Version 16
VisualStudioVersion = 16.0.30104.148
MinimumVisualStudioVersion = 10.0.40219.1
Project("{FAE04EC0-301F-11D3-BF4B-00C04F79EFBC}") = "Stream_23-05", "Stream_23-05.csproj", "{94CEB4A0-C273-4D53-B8C8-CF1E7EF0ACA9}"
EndProject
Global
	GlobalSection(SolutionConfigurationPlatforms) = preSolution
		Debug|Any CPU = Debug|Any CPU
		Release|Any CPU = Release|Any CPU
	EndGlobalSection
	GlobalSection(ProjectConfigurationPlatforms) = postSolution
		{94CEB4A0-C273-4D53-B8C8-CF1E7EF0ACA9}.Debug|Any CPU.ActiveCfg = Debug|Any CPU
		{94CEB4A0-C273-4D53-B8C8-CF1E7EF0ACA9}.Debug|Any CPU.Build.0 = Debug|Any CPU
		{94CEB4A0-C273-4D53-B8C8-CF1E7EF0ACA9}.Release|Any CPU.ActiveCfg = Release|Any CPU
		{94CEB4A0-C273-4D53-B8C8-CF1E7EF0ACA9}.Release|Any CPU.Build.0 = Release|Any CPU
	EndGlobalSection
	GlobalSection(SolutionProperties) = preSolution
		HideSolutionNode = FALSE
	EndGlobalSection
	GlobalSection(ExtensibilityGlobals) = postSolution
		SolutionGuid = {55246545-9572-4AF5-B8CE-7B907D0D421A}
	EndGlobalSection
EndGlobal
